// !$*UTF8*$!
{
	archiveVersion = 1;
	classes = {
	};
	objectVersion = 46;
	objects = {

/* Begin PBXBuildFile section */
		148ABFB11D9E438500A6772C /* main.cpp in Sources */ = {isa = PBXBuildFile; fileRef = 148ABFB01D9E438500A6772C /* main.cpp */; };
		148AC11C1D9E49CA00A6772C /* libopencv_core.3.1.0.dylib in Frameworks */ = {isa = PBXBuildFile; fileRef = 148ABFCE1D9E442C00A6772C /* libopencv_core.3.1.0.dylib */; };
		148AC11D1D9E49CA00A6772C /* libopencv_highgui.3.1.0.dylib in Frameworks */ = {isa = PBXBuildFile; fileRef = 148ABFEF1D9E442C00A6772C /* libopencv_highgui.3.1.0.dylib */; };
		148AC11E1D9E49CA00A6772C /* libopencv_video.3.1.0.dylib in Frameworks */ = {isa = PBXBuildFile; fileRef = 148AC0431D9E442C00A6772C /* libopencv_video.3.1.0.dylib */; };
		148AC1211D9E4A0E00A6772C /* libopencv_videostab.3.1.0.dylib in Frameworks */ = {isa = PBXBuildFile; fileRef = 148AC04B1D9E442C00A6772C /* libopencv_videostab.3.1.0.dylib */; };
		148AC1221D9E4A2C00A6772C /* libopencv_videoio.3.1.0.dylib in Frameworks */ = {isa = PBXBuildFile; fileRef = 148AC0461D9E442C00A6772C /* libopencv_videoio.3.1.0.dylib */; };
		148AC1231D9E4A3300A6772C /* libopencv_ml.3.1.0.dylib in Frameworks */ = {isa = PBXBuildFile; fileRef = 148AC0021D9E442C00A6772C /* libopencv_ml.3.1.0.dylib */; };
		148AC1241D9E4A3800A6772C /* libopencv_imgcodecs.3.1.0.dylib in Frameworks */ = {isa = PBXBuildFile; fileRef = 148ABFF21D9E442C00A6772C /* libopencv_imgcodecs.3.1.0.dylib */; };
		148AC1251D9E4A3800A6772C /* libopencv_imgproc.3.1.0.dylib in Frameworks */ = {isa = PBXBuildFile; fileRef = 148ABFF71D9E442C00A6772C /* libopencv_imgproc.3.1.0.dylib */; };
/* End PBXBuildFile section */

/* Begin PBXCopyFilesBuildPhase section */
		148ABFAB1D9E438500A6772C /* CopyFiles */ = {
			isa = PBXCopyFilesBuildPhase;
			buildActionMask = 2147483647;
			dstPath = /usr/share/man/man1/;
			dstSubfolderSpec = 0;
			files = (
			);
			runOnlyForDeploymentPostprocessing = 1;
		};
/* End PBXCopyFilesBuildPhase section */

/* Begin PBXFileReference section */
		148ABFAD1D9E438500A6772C /* myOpenCV */ = {isa = PBXFileReference; explicitFileType = "compiled.mach-o.executable"; includeInIndex = 0; path = myOpenCV; sourceTree = BUILT_PRODUCTS_DIR; };
		148ABFB01D9E438500A6772C /* main.cpp */ = {isa = PBXFileReference; lastKnownFileType = sourcecode.cpp.cpp; path = main.cpp; sourceTree = "<group>"; };
		148ABFB81D9E442C00A6772C /* libopencv_aruco.3.1.0.dylib */ = {isa = PBXFileReference; lastKnownFileType = "compiled.mach-o.dylib"; name = libopencv_aruco.3.1.0.dylib; path = ../../../../../usr/local/lib/libopencv_aruco.3.1.0.dylib; sourceTree = "<group>"; };
		148ABFB91D9E442C00A6772C /* libopencv_aruco.3.1.dylib */ = {isa = PBXFileReference; lastKnownFileType = "compiled.mach-o.dylib"; name = libopencv_aruco.3.1.dylib; path = ../../../../../usr/local/lib/libopencv_aruco.3.1.dylib; sourceTree = "<group>"; };
		148ABFBA1D9E442C00A6772C /* libopencv_aruco.dylib */ = {isa = PBXFileReference; lastKnownFileType = "compiled.mach-o.dylib"; name = libopencv_aruco.dylib; path = ../../../../../usr/local/lib/libopencv_aruco.dylib; sourceTree = "<group>"; };
		148ABFBB1D9E442C00A6772C /* libopencv_bgsegm.3.1.0.dylib */ = {isa = PBXFileReference; lastKnownFileType = "compiled.mach-o.dylib"; name = libopencv_bgsegm.3.1.0.dylib; path = ../../../../../usr/local/lib/libopencv_bgsegm.3.1.0.dylib; sourceTree = "<group>"; };
		148ABFBC1D9E442C00A6772C /* libopencv_bgsegm.3.1.dylib */ = {isa = PBXFileReference; lastKnownFileType = "compiled.mach-o.dylib"; name = libopencv_bgsegm.3.1.dylib; path = ../../../../../usr/local/lib/libopencv_bgsegm.3.1.dylib; sourceTree = "<group>"; };
		148ABFBD1D9E442C00A6772C /* libopencv_bgsegm.dylib */ = {isa = PBXFileReference; lastKnownFileType = "compiled.mach-o.dylib"; name = libopencv_bgsegm.dylib; path = ../../../../../usr/local/lib/libopencv_bgsegm.dylib; sourceTree = "<group>"; };
		148ABFBE1D9E442C00A6772C /* libopencv_bioinspired.3.1.0.dylib */ = {isa = PBXFileReference; lastKnownFileType = "compiled.mach-o.dylib"; name = libopencv_bioinspired.3.1.0.dylib; path = ../../../../../usr/local/lib/libopencv_bioinspired.3.1.0.dylib; sourceTree = "<group>"; };
		148ABFBF1D9E442C00A6772C /* libopencv_bioinspired.3.1.dylib */ = {isa = PBXFileReference; lastKnownFileType = "compiled.mach-o.dylib"; name = libopencv_bioinspired.3.1.dylib; path = ../../../../../usr/local/lib/libopencv_bioinspired.3.1.dylib; sourceTree = "<group>"; };
		148ABFC01D9E442C00A6772C /* libopencv_bioinspired.dylib */ = {isa = PBXFileReference; lastKnownFileType = "compiled.mach-o.dylib"; name = libopencv_bioinspired.dylib; path = ../../../../../usr/local/lib/libopencv_bioinspired.dylib; sourceTree = "<group>"; };
		148ABFC11D9E442C00A6772C /* libopencv_calib3d.2.4.12.dylib */ = {isa = PBXFileReference; lastKnownFileType = "compiled.mach-o.dylib"; name = libopencv_calib3d.2.4.12.dylib; path = ../../../../../usr/local/lib/libopencv_calib3d.2.4.12.dylib; sourceTree = "<group>"; };
		148ABFC21D9E442C00A6772C /* libopencv_calib3d.2.4.dylib */ = {isa = PBXFileReference; lastKnownFileType = "compiled.mach-o.dylib"; name = libopencv_calib3d.2.4.dylib; path = ../../../../../usr/local/lib/libopencv_calib3d.2.4.dylib; sourceTree = "<group>"; };
		148ABFC31D9E442C00A6772C /* libopencv_calib3d.3.1.0.dylib */ = {isa = PBXFileReference; lastKnownFileType = "compiled.mach-o.dylib"; name = libopencv_calib3d.3.1.0.dylib; path = ../../../../../usr/local/lib/libopencv_calib3d.3.1.0.dylib; sourceTree = "<group>"; };
		148ABFC41D9E442C00A6772C /* libopencv_calib3d.3.1.dylib */ = {isa = PBXFileReference; lastKnownFileType = "compiled.mach-o.dylib"; name = libopencv_calib3d.3.1.dylib; path = ../../../../../usr/local/lib/libopencv_calib3d.3.1.dylib; sourceTree = "<group>"; };
		148ABFC51D9E442C00A6772C /* libopencv_calib3d.dylib */ = {isa = PBXFileReference; lastKnownFileType = "compiled.mach-o.dylib"; name = libopencv_calib3d.dylib; path = ../../../../../usr/local/lib/libopencv_calib3d.dylib; sourceTree = "<group>"; };
		148ABFC61D9E442C00A6772C /* libopencv_ccalib.3.1.0.dylib */ = {isa = PBXFileReference; lastKnownFileType = "compiled.mach-o.dylib"; name = libopencv_ccalib.3.1.0.dylib; path = ../../../../../usr/local/lib/libopencv_ccalib.3.1.0.dylib; sourceTree = "<group>"; };
		148ABFC71D9E442C00A6772C /* libopencv_ccalib.3.1.dylib */ = {isa = PBXFileReference; lastKnownFileType = "compiled.mach-o.dylib"; name = libopencv_ccalib.3.1.dylib; path = ../../../../../usr/local/lib/libopencv_ccalib.3.1.dylib; sourceTree = "<group>"; };
		148ABFC81D9E442C00A6772C /* libopencv_ccalib.dylib */ = {isa = PBXFileReference; lastKnownFileType = "compiled.mach-o.dylib"; name = libopencv_ccalib.dylib; path = ../../../../../usr/local/lib/libopencv_ccalib.dylib; sourceTree = "<group>"; };
		148ABFC91D9E442C00A6772C /* libopencv_contrib.2.4.12.dylib */ = {isa = PBXFileReference; lastKnownFileType = "compiled.mach-o.dylib"; name = libopencv_contrib.2.4.12.dylib; path = ../../../../../usr/local/lib/libopencv_contrib.2.4.12.dylib; sourceTree = "<group>"; };
		148ABFCA1D9E442C00A6772C /* libopencv_contrib.2.4.dylib */ = {isa = PBXFileReference; lastKnownFileType = "compiled.mach-o.dylib"; name = libopencv_contrib.2.4.dylib; path = ../../../../../usr/local/lib/libopencv_contrib.2.4.dylib; sourceTree = "<group>"; };
		148ABFCB1D9E442C00A6772C /* libopencv_contrib.dylib */ = {isa = PBXFileReference; lastKnownFileType = "compiled.mach-o.dylib"; name = libopencv_contrib.dylib; path = ../../../../../usr/local/lib/libopencv_contrib.dylib; sourceTree = "<group>"; };
		148ABFCC1D9E442C00A6772C /* libopencv_core.2.4.12.dylib */ = {isa = PBXFileReference; lastKnownFileType = "compiled.mach-o.dylib"; name = libopencv_core.2.4.12.dylib; path = ../../../../../usr/local/lib/libopencv_core.2.4.12.dylib; sourceTree = "<group>"; };
		148ABFCD1D9E442C00A6772C /* libopencv_core.2.4.dylib */ = {isa = PBXFileReference; lastKnownFileType = "compiled.mach-o.dylib"; name = libopencv_core.2.4.dylib; path = ../../../../../usr/local/lib/libopencv_core.2.4.dylib; sourceTree = "<group>"; };
		148ABFCE1D9E442C00A6772C /* libopencv_core.3.1.0.dylib */ = {isa = PBXFileReference; lastKnownFileType = "compiled.mach-o.dylib"; name = libopencv_core.3.1.0.dylib; path = ../../../../../usr/local/lib/libopencv_core.3.1.0.dylib; sourceTree = "<group>"; };
		148ABFCF1D9E442C00A6772C /* libopencv_core.3.1.dylib */ = {isa = PBXFileReference; lastKnownFileType = "compiled.mach-o.dylib"; name = libopencv_core.3.1.dylib; path = ../../../../../usr/local/lib/libopencv_core.3.1.dylib; sourceTree = "<group>"; };
		148ABFD01D9E442C00A6772C /* libopencv_core.dylib */ = {isa = PBXFileReference; lastKnownFileType = "compiled.mach-o.dylib"; name = libopencv_core.dylib; path = ../../../../../usr/local/lib/libopencv_core.dylib; sourceTree = "<group>"; };
		148ABFD11D9E442C00A6772C /* libopencv_datasets.3.1.0.dylib */ = {isa = PBXFileReference; lastKnownFileType = "compiled.mach-o.dylib"; name = libopencv_datasets.3.1.0.dylib; path = ../../../../../usr/local/lib/libopencv_datasets.3.1.0.dylib; sourceTree = "<group>"; };
		148ABFD21D9E442C00A6772C /* libopencv_datasets.3.1.dylib */ = {isa = PBXFileReference; lastKnownFileType = "compiled.mach-o.dylib"; name = libopencv_datasets.3.1.dylib; path = ../../../../../usr/local/lib/libopencv_datasets.3.1.dylib; sourceTree = "<group>"; };
		148ABFD31D9E442C00A6772C /* libopencv_datasets.dylib */ = {isa = PBXFileReference; lastKnownFileType = "compiled.mach-o.dylib"; name = libopencv_datasets.dylib; path = ../../../../../usr/local/lib/libopencv_datasets.dylib; sourceTree = "<group>"; };
		148ABFD41D9E442C00A6772C /* libopencv_dnn.3.1.0.dylib */ = {isa = PBXFileReference; lastKnownFileType = "compiled.mach-o.dylib"; name = libopencv_dnn.3.1.0.dylib; path = ../../../../../usr/local/lib/libopencv_dnn.3.1.0.dylib; sourceTree = "<group>"; };
		148ABFD51D9E442C00A6772C /* libopencv_dnn.3.1.dylib */ = {isa = PBXFileReference; lastKnownFileType = "compiled.mach-o.dylib"; name = libopencv_dnn.3.1.dylib; path = ../../../../../usr/local/lib/libopencv_dnn.3.1.dylib; sourceTree = "<group>"; };
		148ABFD61D9E442C00A6772C /* libopencv_dnn.dylib */ = {isa = PBXFileReference; lastKnownFileType = "compiled.mach-o.dylib"; name = libopencv_dnn.dylib; path = ../../../../../usr/local/lib/libopencv_dnn.dylib; sourceTree = "<group>"; };
		148ABFD71D9E442C00A6772C /* libopencv_dpm.3.1.0.dylib */ = {isa = PBXFileReference; lastKnownFileType = "compiled.mach-o.dylib"; name = libopencv_dpm.3.1.0.dylib; path = ../../../../../usr/local/lib/libopencv_dpm.3.1.0.dylib; sourceTree = "<group>"; };
		148ABFD81D9E442C00A6772C /* libopencv_dpm.3.1.dylib */ = {isa = PBXFileReference; lastKnownFileType = "compiled.mach-o.dylib"; name = libopencv_dpm.3.1.dylib; path = ../../../../../usr/local/lib/libopencv_dpm.3.1.dylib; sourceTree = "<group>"; };
		148ABFD91D9E442C00A6772C /* libopencv_dpm.dylib */ = {isa = PBXFileReference; lastKnownFileType = "compiled.mach-o.dylib"; name = libopencv_dpm.dylib; path = ../../../../../usr/local/lib/libopencv_dpm.dylib; sourceTree = "<group>"; };
		148ABFDA1D9E442C00A6772C /* libopencv_face.3.1.0.dylib */ = {isa = PBXFileReference; lastKnownFileType = "compiled.mach-o.dylib"; name = libopencv_face.3.1.0.dylib; path = ../../../../../usr/local/lib/libopencv_face.3.1.0.dylib; sourceTree = "<group>"; };
		148ABFDB1D9E442C00A6772C /* libopencv_face.3.1.dylib */ = {isa = PBXFileReference; lastKnownFileType = "compiled.mach-o.dylib"; name = libopencv_face.3.1.dylib; path = ../../../../../usr/local/lib/libopencv_face.3.1.dylib; sourceTree = "<group>"; };
		148ABFDC1D9E442C00A6772C /* libopencv_face.dylib */ = {isa = PBXFileReference; lastKnownFileType = "compiled.mach-o.dylib"; name = libopencv_face.dylib; path = ../../../../../usr/local/lib/libopencv_face.dylib; sourceTree = "<group>"; };
		148ABFDD1D9E442C00A6772C /* libopencv_features2d.2.4.12.dylib */ = {isa = PBXFileReference; lastKnownFileType = "compiled.mach-o.dylib"; name = libopencv_features2d.2.4.12.dylib; path = ../../../../../usr/local/lib/libopencv_features2d.2.4.12.dylib; sourceTree = "<group>"; };
		148ABFDE1D9E442C00A6772C /* libopencv_features2d.2.4.dylib */ = {isa = PBXFileReference; lastKnownFileType = "compiled.mach-o.dylib"; name = libopencv_features2d.2.4.dylib; path = ../../../../../usr/local/lib/libopencv_features2d.2.4.dylib; sourceTree = "<group>"; };
		148ABFDF1D9E442C00A6772C /* libopencv_features2d.3.1.0.dylib */ = {isa = PBXFileReference; lastKnownFileType = "compiled.mach-o.dylib"; name = libopencv_features2d.3.1.0.dylib; path = ../../../../../usr/local/lib/libopencv_features2d.3.1.0.dylib; sourceTree = "<group>"; };
		148ABFE01D9E442C00A6772C /* libopencv_features2d.3.1.dylib */ = {isa = PBXFileReference; lastKnownFileType = "compiled.mach-o.dylib"; name = libopencv_features2d.3.1.dylib; path = ../../../../../usr/local/lib/libopencv_features2d.3.1.dylib; sourceTree = "<group>"; };
		148ABFE11D9E442C00A6772C /* libopencv_features2d.dylib */ = {isa = PBXFileReference; lastKnownFileType = "compiled.mach-o.dylib"; name = libopencv_features2d.dylib; path = ../../../../../usr/local/lib/libopencv_features2d.dylib; sourceTree = "<group>"; };
		148ABFE21D9E442C00A6772C /* libopencv_flann.2.4.12.dylib */ = {isa = PBXFileReference; lastKnownFileType = "compiled.mach-o.dylib"; name = libopencv_flann.2.4.12.dylib; path = ../../../../../usr/local/lib/libopencv_flann.2.4.12.dylib; sourceTree = "<group>"; };
		148ABFE31D9E442C00A6772C /* libopencv_flann.2.4.dylib */ = {isa = PBXFileReference; lastKnownFileType = "compiled.mach-o.dylib"; name = libopencv_flann.2.4.dylib; path = ../../../../../usr/local/lib/libopencv_flann.2.4.dylib; sourceTree = "<group>"; };
		148ABFE41D9E442C00A6772C /* libopencv_flann.3.1.0.dylib */ = {isa = PBXFileReference; lastKnownFileType = "compiled.mach-o.dylib"; name = libopencv_flann.3.1.0.dylib; path = ../../../../../usr/local/lib/libopencv_flann.3.1.0.dylib; sourceTree = "<group>"; };
		148ABFE51D9E442C00A6772C /* libopencv_flann.3.1.dylib */ = {isa = PBXFileReference; lastKnownFileType = "compiled.mach-o.dylib"; name = libopencv_flann.3.1.dylib; path = ../../../../../usr/local/lib/libopencv_flann.3.1.dylib; sourceTree = "<group>"; };
		148ABFE61D9E442C00A6772C /* libopencv_flann.dylib */ = {isa = PBXFileReference; lastKnownFileType = "compiled.mach-o.dylib"; name = libopencv_flann.dylib; path = ../../../../../usr/local/lib/libopencv_flann.dylib; sourceTree = "<group>"; };
		148ABFE71D9E442C00A6772C /* libopencv_fuzzy.3.1.0.dylib */ = {isa = PBXFileReference; lastKnownFileType = "compiled.mach-o.dylib"; name = libopencv_fuzzy.3.1.0.dylib; path = ../../../../../usr/local/lib/libopencv_fuzzy.3.1.0.dylib; sourceTree = "<group>"; };
		148ABFE81D9E442C00A6772C /* libopencv_fuzzy.3.1.dylib */ = {isa = PBXFileReference; lastKnownFileType = "compiled.mach-o.dylib"; name = libopencv_fuzzy.3.1.dylib; path = ../../../../../usr/local/lib/libopencv_fuzzy.3.1.dylib; sourceTree = "<group>"; };
		148ABFE91D9E442C00A6772C /* libopencv_fuzzy.dylib */ = {isa = PBXFileReference; lastKnownFileType = "compiled.mach-o.dylib"; name = libopencv_fuzzy.dylib; path = ../../../../../usr/local/lib/libopencv_fuzzy.dylib; sourceTree = "<group>"; };
		148ABFEA1D9E442C00A6772C /* libopencv_gpu.2.4.12.dylib */ = {isa = PBXFileReference; lastKnownFileType = "compiled.mach-o.dylib"; name = libopencv_gpu.2.4.12.dylib; path = ../../../../../usr/local/lib/libopencv_gpu.2.4.12.dylib; sourceTree = "<group>"; };
		148ABFEB1D9E442C00A6772C /* libopencv_gpu.2.4.dylib */ = {isa = PBXFileReference; lastKnownFileType = "compiled.mach-o.dylib"; name = libopencv_gpu.2.4.dylib; path = ../../../../../usr/local/lib/libopencv_gpu.2.4.dylib; sourceTree = "<group>"; };
		148ABFEC1D9E442C00A6772C /* libopencv_gpu.dylib */ = {isa = PBXFileReference; lastKnownFileType = "compiled.mach-o.dylib"; name = libopencv_gpu.dylib; path = ../../../../../usr/local/lib/libopencv_gpu.dylib; sourceTree = "<group>"; };
		148ABFED1D9E442C00A6772C /* libopencv_highgui.2.4.12.dylib */ = {isa = PBXFileReference; lastKnownFileType = "compiled.mach-o.dylib"; name = libopencv_highgui.2.4.12.dylib; path = ../../../../../usr/local/lib/libopencv_highgui.2.4.12.dylib; sourceTree = "<group>"; };
		148ABFEE1D9E442C00A6772C /* libopencv_highgui.2.4.dylib */ = {isa = PBXFileReference; lastKnownFileType = "compiled.mach-o.dylib"; name = libopencv_highgui.2.4.dylib; path = ../../../../../usr/local/lib/libopencv_highgui.2.4.dylib; sourceTree = "<group>"; };
		148ABFEF1D9E442C00A6772C /* libopencv_highgui.3.1.0.dylib */ = {isa = PBXFileReference; lastKnownFileType = "compiled.mach-o.dylib"; name = libopencv_highgui.3.1.0.dylib; path = ../../../../../usr/local/lib/libopencv_highgui.3.1.0.dylib; sourceTree = "<group>"; };
		148ABFF01D9E442C00A6772C /* libopencv_highgui.3.1.dylib */ = {isa = PBXFileReference; lastKnownFileType = "compiled.mach-o.dylib"; name = libopencv_highgui.3.1.dylib; path = ../../../../../usr/local/lib/libopencv_highgui.3.1.dylib; sourceTree = "<group>"; };
		148ABFF11D9E442C00A6772C /* libopencv_highgui.dylib */ = {isa = PBXFileReference; lastKnownFileType = "compiled.mach-o.dylib"; name = libopencv_highgui.dylib; path = ../../../../../usr/local/lib/libopencv_highgui.dylib; sourceTree = "<group>"; };
		148ABFF21D9E442C00A6772C /* libopencv_imgcodecs.3.1.0.dylib */ = {isa = PBXFileReference; lastKnownFileType = "compiled.mach-o.dylib"; name = libopencv_imgcodecs.3.1.0.dylib; path = ../../../../../usr/local/lib/libopencv_imgcodecs.3.1.0.dylib; sourceTree = "<group>"; };
		148ABFF31D9E442C00A6772C /* libopencv_imgcodecs.3.1.dylib */ = {isa = PBXFileReference; lastKnownFileType = "compiled.mach-o.dylib"; name = libopencv_imgcodecs.3.1.dylib; path = ../../../../../usr/local/lib/libopencv_imgcodecs.3.1.dylib; sourceTree = "<group>"; };
		148ABFF41D9E442C00A6772C /* libopencv_imgcodecs.dylib */ = {isa = PBXFileReference; lastKnownFileType = "compiled.mach-o.dylib"; name = libopencv_imgcodecs.dylib; path = ../../../../../usr/local/lib/libopencv_imgcodecs.dylib; sourceTree = "<group>"; };
		148ABFF51D9E442C00A6772C /* libopencv_imgproc.2.4.12.dylib */ = {isa = PBXFileReference; lastKnownFileType = "compiled.mach-o.dylib"; name = libopencv_imgproc.2.4.12.dylib; path = ../../../../../usr/local/lib/libopencv_imgproc.2.4.12.dylib; sourceTree = "<group>"; };
		148ABFF61D9E442C00A6772C /* libopencv_imgproc.2.4.dylib */ = {isa = PBXFileReference; lastKnownFileType = "compiled.mach-o.dylib"; name = libopencv_imgproc.2.4.dylib; path = ../../../../../usr/local/lib/libopencv_imgproc.2.4.dylib; sourceTree = "<group>"; };
		148ABFF71D9E442C00A6772C /* libopencv_imgproc.3.1.0.dylib */ = {isa = PBXFileReference; lastKnownFileType = "compiled.mach-o.dylib"; name = libopencv_imgproc.3.1.0.dylib; path = ../../../../../usr/local/lib/libopencv_imgproc.3.1.0.dylib; sourceTree = "<group>"; };
		148ABFF81D9E442C00A6772C /* libopencv_imgproc.3.1.dylib */ = {isa = PBXFileReference; lastKnownFileType = "compiled.mach-o.dylib"; name = libopencv_imgproc.3.1.dylib; path = ../../../../../usr/local/lib/libopencv_imgproc.3.1.dylib; sourceTree = "<group>"; };
		148ABFF91D9E442C00A6772C /* libopencv_imgproc.dylib */ = {isa = PBXFileReference; lastKnownFileType = "compiled.mach-o.dylib"; name = libopencv_imgproc.dylib; path = ../../../../../usr/local/lib/libopencv_imgproc.dylib; sourceTree = "<group>"; };
		148ABFFA1D9E442C00A6772C /* libopencv_legacy.2.4.12.dylib */ = {isa = PBXFileReference; lastKnownFileType = "compiled.mach-o.dylib"; name = libopencv_legacy.2.4.12.dylib; path = ../../../../../usr/local/lib/libopencv_legacy.2.4.12.dylib; sourceTree = "<group>"; };
		148ABFFB1D9E442C00A6772C /* libopencv_legacy.2.4.dylib */ = {isa = PBXFileReference; lastKnownFileType = "compiled.mach-o.dylib"; name = libopencv_legacy.2.4.dylib; path = ../../../../../usr/local/lib/libopencv_legacy.2.4.dylib; sourceTree = "<group>"; };
		148ABFFC1D9E442C00A6772C /* libopencv_legacy.dylib */ = {isa = PBXFileReference; lastKnownFileType = "compiled.mach-o.dylib"; name = libopencv_legacy.dylib; path = ../../../../../usr/local/lib/libopencv_legacy.dylib; sourceTree = "<group>"; };
		148ABFFD1D9E442C00A6772C /* libopencv_line_descriptor.3.1.0.dylib */ = {isa = PBXFileReference; lastKnownFileType = "compiled.mach-o.dylib"; name = libopencv_line_descriptor.3.1.0.dylib; path = ../../../../../usr/local/lib/libopencv_line_descriptor.3.1.0.dylib; sourceTree = "<group>"; };
		148ABFFE1D9E442C00A6772C /* libopencv_line_descriptor.3.1.dylib */ = {isa = PBXFileReference; lastKnownFileType = "compiled.mach-o.dylib"; name = libopencv_line_descriptor.3.1.dylib; path = ../../../../../usr/local/lib/libopencv_line_descriptor.3.1.dylib; sourceTree = "<group>"; };
		148ABFFF1D9E442C00A6772C /* libopencv_line_descriptor.dylib */ = {isa = PBXFileReference; lastKnownFileType = "compiled.mach-o.dylib"; name = libopencv_line_descriptor.dylib; path = ../../../../../usr/local/lib/libopencv_line_descriptor.dylib; sourceTree = "<group>"; };
		148AC0001D9E442C00A6772C /* libopencv_ml.2.4.12.dylib */ = {isa = PBXFileReference; lastKnownFileType = "compiled.mach-o.dylib"; name = libopencv_ml.2.4.12.dylib; path = ../../../../../usr/local/lib/libopencv_ml.2.4.12.dylib; sourceTree = "<group>"; };
		148AC0011D9E442C00A6772C /* libopencv_ml.2.4.dylib */ = {isa = PBXFileReference; lastKnownFileType = "compiled.mach-o.dylib"; name = libopencv_ml.2.4.dylib; path = ../../../../../usr/local/lib/libopencv_ml.2.4.dylib; sourceTree = "<group>"; };
		148AC0021D9E442C00A6772C /* libopencv_ml.3.1.0.dylib */ = {isa = PBXFileReference; lastKnownFileType = "compiled.mach-o.dylib"; name = libopencv_ml.3.1.0.dylib; path = ../../../../../usr/local/lib/libopencv_ml.3.1.0.dylib; sourceTree = "<group>"; };
		148AC0031D9E442C00A6772C /* libopencv_ml.3.1.dylib */ = {isa = PBXFileReference; lastKnownFileType = "compiled.mach-o.dylib"; name = libopencv_ml.3.1.dylib; path = ../../../../../usr/local/lib/libopencv_ml.3.1.dylib; sourceTree = "<group>"; };
		148AC0041D9E442C00A6772C /* libopencv_ml.dylib */ = {isa = PBXFileReference; lastKnownFileType = "compiled.mach-o.dylib"; name = libopencv_ml.dylib; path = ../../../../../usr/local/lib/libopencv_ml.dylib; sourceTree = "<group>"; };
		148AC0051D9E442C00A6772C /* libopencv_nonfree.2.4.12.dylib */ = {isa = PBXFileReference; lastKnownFileType = "compiled.mach-o.dylib"; name = libopencv_nonfree.2.4.12.dylib; path = ../../../../../usr/local/lib/libopencv_nonfree.2.4.12.dylib; sourceTree = "<group>"; };
		148AC0061D9E442C00A6772C /* libopencv_nonfree.2.4.dylib */ = {isa = PBXFileReference; lastKnownFileType = "compiled.mach-o.dylib"; name = libopencv_nonfree.2.4.dylib; path = ../../../../../usr/local/lib/libopencv_nonfree.2.4.dylib; sourceTree = "<group>"; };
		148AC0071D9E442C00A6772C /* libopencv_nonfree.dylib */ = {isa = PBXFileReference; lastKnownFileType = "compiled.mach-o.dylib"; name = libopencv_nonfree.dylib; path = ../../../../../usr/local/lib/libopencv_nonfree.dylib; sourceTree = "<group>"; };
		148AC0081D9E442C00A6772C /* libopencv_objdetect.2.4.12.dylib */ = {isa = PBXFileReference; lastKnownFileType = "compiled.mach-o.dylib"; name = libopencv_objdetect.2.4.12.dylib; path = ../../../../../usr/local/lib/libopencv_objdetect.2.4.12.dylib; sourceTree = "<group>"; };
		148AC0091D9E442C00A6772C /* libopencv_objdetect.2.4.dylib */ = {isa = PBXFileReference; lastKnownFileType = "compiled.mach-o.dylib"; name = libopencv_objdetect.2.4.dylib; path = ../../../../../usr/local/lib/libopencv_objdetect.2.4.dylib; sourceTree = "<group>"; };
		148AC00A1D9E442C00A6772C /* libopencv_objdetect.3.1.0.dylib */ = {isa = PBXFileReference; lastKnownFileType = "compiled.mach-o.dylib"; name = libopencv_objdetect.3.1.0.dylib; path = ../../../../../usr/local/lib/libopencv_objdetect.3.1.0.dylib; sourceTree = "<group>"; };
		148AC00B1D9E442C00A6772C /* libopencv_objdetect.3.1.dylib */ = {isa = PBXFileReference; lastKnownFileType = "compiled.mach-o.dylib"; name = libopencv_objdetect.3.1.dylib; path = ../../../../../usr/local/lib/libopencv_objdetect.3.1.dylib; sourceTree = "<group>"; };
		148AC00C1D9E442C00A6772C /* libopencv_objdetect.dylib */ = {isa = PBXFileReference; lastKnownFileType = "compiled.mach-o.dylib"; name = libopencv_objdetect.dylib; path = ../../../../../usr/local/lib/libopencv_objdetect.dylib; sourceTree = "<group>"; };
		148AC00D1D9E442C00A6772C /* libopencv_ocl.2.4.12.dylib */ = {isa = PBXFileReference; lastKnownFileType = "compiled.mach-o.dylib"; name = libopencv_ocl.2.4.12.dylib; path = ../../../../../usr/local/lib/libopencv_ocl.2.4.12.dylib; sourceTree = "<group>"; };
		148AC00E1D9E442C00A6772C /* libopencv_ocl.2.4.dylib */ = {isa = PBXFileReference; lastKnownFileType = "compiled.mach-o.dylib"; name = libopencv_ocl.2.4.dylib; path = ../../../../../usr/local/lib/libopencv_ocl.2.4.dylib; sourceTree = "<group>"; };
		148AC00F1D9E442C00A6772C /* libopencv_ocl.dylib */ = {isa = PBXFileReference; lastKnownFileType = "compiled.mach-o.dylib"; name = libopencv_ocl.dylib; path = ../../../../../usr/local/lib/libopencv_ocl.dylib; sourceTree = "<group>"; };
		148AC0101D9E442C00A6772C /* libopencv_optflow.3.1.0.dylib */ = {isa = PBXFileReference; lastKnownFileType = "compiled.mach-o.dylib"; name = libopencv_optflow.3.1.0.dylib; path = ../../../../../usr/local/lib/libopencv_optflow.3.1.0.dylib; sourceTree = "<group>"; };
		148AC0111D9E442C00A6772C /* libopencv_optflow.3.1.dylib */ = {isa = PBXFileReference; lastKnownFileType = "compiled.mach-o.dylib"; name = libopencv_optflow.3.1.dylib; path = ../../../../../usr/local/lib/libopencv_optflow.3.1.dylib; sourceTree = "<group>"; };
		148AC0121D9E442C00A6772C /* libopencv_optflow.dylib */ = {isa = PBXFileReference; lastKnownFileType = "compiled.mach-o.dylib"; name = libopencv_optflow.dylib; path = ../../../../../usr/local/lib/libopencv_optflow.dylib; sourceTree = "<group>"; };
		148AC0131D9E442C00A6772C /* libopencv_photo.2.4.12.dylib */ = {isa = PBXFileReference; lastKnownFileType = "compiled.mach-o.dylib"; name = libopencv_photo.2.4.12.dylib; path = ../../../../../usr/local/lib/libopencv_photo.2.4.12.dylib; sourceTree = "<group>"; };
		148AC0141D9E442C00A6772C /* libopencv_photo.2.4.dylib */ = {isa = PBXFileReference; lastKnownFileType = "compiled.mach-o.dylib"; name = libopencv_photo.2.4.dylib; path = ../../../../../usr/local/lib/libopencv_photo.2.4.dylib; sourceTree = "<group>"; };
		148AC0151D9E442C00A6772C /* libopencv_photo.3.1.0.dylib */ = {isa = PBXFileReference; lastKnownFileType = "compiled.mach-o.dylib"; name = libopencv_photo.3.1.0.dylib; path = ../../../../../usr/local/lib/libopencv_photo.3.1.0.dylib; sourceTree = "<group>"; };
		148AC0161D9E442C00A6772C /* libopencv_photo.3.1.dylib */ = {isa = PBXFileReference; lastKnownFileType = "compiled.mach-o.dylib"; name = libopencv_photo.3.1.dylib; path = ../../../../../usr/local/lib/libopencv_photo.3.1.dylib; sourceTree = "<group>"; };
		148AC0171D9E442C00A6772C /* libopencv_photo.dylib */ = {isa = PBXFileReference; lastKnownFileType = "compiled.mach-o.dylib"; name = libopencv_photo.dylib; path = ../../../../../usr/local/lib/libopencv_photo.dylib; sourceTree = "<group>"; };
		148AC0181D9E442C00A6772C /* libopencv_plot.3.1.0.dylib */ = {isa = PBXFileReference; lastKnownFileType = "compiled.mach-o.dylib"; name = libopencv_plot.3.1.0.dylib; path = ../../../../../usr/local/lib/libopencv_plot.3.1.0.dylib; sourceTree = "<group>"; };
		148AC0191D9E442C00A6772C /* libopencv_plot.3.1.dylib */ = {isa = PBXFileReference; lastKnownFileType = "compiled.mach-o.dylib"; name = libopencv_plot.3.1.dylib; path = ../../../../../usr/local/lib/libopencv_plot.3.1.dylib; sourceTree = "<group>"; };
		148AC01A1D9E442C00A6772C /* libopencv_plot.dylib */ = {isa = PBXFileReference; lastKnownFileType = "compiled.mach-o.dylib"; name = libopencv_plot.dylib; path = ../../../../../usr/local/lib/libopencv_plot.dylib; sourceTree = "<group>"; };
		148AC01B1D9E442C00A6772C /* libopencv_reg.3.1.0.dylib */ = {isa = PBXFileReference; lastKnownFileType = "compiled.mach-o.dylib"; name = libopencv_reg.3.1.0.dylib; path = ../../../../../usr/local/lib/libopencv_reg.3.1.0.dylib; sourceTree = "<group>"; };
		148AC01C1D9E442C00A6772C /* libopencv_reg.3.1.dylib */ = {isa = PBXFileReference; lastKnownFileType = "compiled.mach-o.dylib"; name = libopencv_reg.3.1.dylib; path = ../../../../../usr/local/lib/libopencv_reg.3.1.dylib; sourceTree = "<group>"; };
		148AC01D1D9E442C00A6772C /* libopencv_reg.dylib */ = {isa = PBXFileReference; lastKnownFileType = "compiled.mach-o.dylib"; name = libopencv_reg.dylib; path = ../../../../../usr/local/lib/libopencv_reg.dylib; sourceTree = "<group>"; };
		148AC01E1D9E442C00A6772C /* libopencv_rgbd.3.1.0.dylib */ = {isa = PBXFileReference; lastKnownFileType = "compiled.mach-o.dylib"; name = libopencv_rgbd.3.1.0.dylib; path = ../../../../../usr/local/lib/libopencv_rgbd.3.1.0.dylib; sourceTree = "<group>"; };
		148AC01F1D9E442C00A6772C /* libopencv_rgbd.3.1.dylib */ = {isa = PBXFileReference; lastKnownFileType = "compiled.mach-o.dylib"; name = libopencv_rgbd.3.1.dylib; path = ../../../../../usr/local/lib/libopencv_rgbd.3.1.dylib; sourceTree = "<group>"; };
		148AC0201D9E442C00A6772C /* libopencv_rgbd.dylib */ = {isa = PBXFileReference; lastKnownFileType = "compiled.mach-o.dylib"; name = libopencv_rgbd.dylib; path = ../../../../../usr/local/lib/libopencv_rgbd.dylib; sourceTree = "<group>"; };
		148AC0211D9E442C00A6772C /* libopencv_saliency.3.1.0.dylib */ = {isa = PBXFileReference; lastKnownFileType = "compiled.mach-o.dylib"; name = libopencv_saliency.3.1.0.dylib; path = ../../../../../usr/local/lib/libopencv_saliency.3.1.0.dylib; sourceTree = "<group>"; };
		148AC0221D9E442C00A6772C /* libopencv_saliency.3.1.dylib */ = {isa = PBXFileReference; lastKnownFileType = "compiled.mach-o.dylib"; name = libopencv_saliency.3.1.dylib; path = ../../../../../usr/local/lib/libopencv_saliency.3.1.dylib; sourceTree = "<group>"; };
		148AC0231D9E442C00A6772C /* libopencv_saliency.dylib */ = {isa = PBXFileReference; lastKnownFileType = "compiled.mach-o.dylib"; name = libopencv_saliency.dylib; path = ../../../../../usr/local/lib/libopencv_saliency.dylib; sourceTree = "<group>"; };
		148AC0241D9E442C00A6772C /* libopencv_shape.3.1.0.dylib */ = {isa = PBXFileReference; lastKnownFileType = "compiled.mach-o.dylib"; name = libopencv_shape.3.1.0.dylib; path = ../../../../../usr/local/lib/libopencv_shape.3.1.0.dylib; sourceTree = "<group>"; };
		148AC0251D9E442C00A6772C /* libopencv_shape.3.1.dylib */ = {isa = PBXFileReference; lastKnownFileType = "compiled.mach-o.dylib"; name = libopencv_shape.3.1.dylib; path = ../../../../../usr/local/lib/libopencv_shape.3.1.dylib; sourceTree = "<group>"; };
		148AC0261D9E442C00A6772C /* libopencv_shape.dylib */ = {isa = PBXFileReference; lastKnownFileType = "compiled.mach-o.dylib"; name = libopencv_shape.dylib; path = ../../../../../usr/local/lib/libopencv_shape.dylib; sourceTree = "<group>"; };
		148AC0271D9E442C00A6772C /* libopencv_stereo.3.1.0.dylib */ = {isa = PBXFileReference; lastKnownFileType = "compiled.mach-o.dylib"; name = libopencv_stereo.3.1.0.dylib; path = ../../../../../usr/local/lib/libopencv_stereo.3.1.0.dylib; sourceTree = "<group>"; };
		148AC0281D9E442C00A6772C /* libopencv_stereo.3.1.dylib */ = {isa = PBXFileReference; lastKnownFileType = "compiled.mach-o.dylib"; name = libopencv_stereo.3.1.dylib; path = ../../../../../usr/local/lib/libopencv_stereo.3.1.dylib; sourceTree = "<group>"; };
		148AC0291D9E442C00A6772C /* libopencv_stereo.dylib */ = {isa = PBXFileReference; lastKnownFileType = "compiled.mach-o.dylib"; name = libopencv_stereo.dylib; path = ../../../../../usr/local/lib/libopencv_stereo.dylib; sourceTree = "<group>"; };
		148AC02A1D9E442C00A6772C /* libopencv_stitching.2.4.12.dylib */ = {isa = PBXFileReference; lastKnownFileType = "compiled.mach-o.dylib"; name = libopencv_stitching.2.4.12.dylib; path = ../../../../../usr/local/lib/libopencv_stitching.2.4.12.dylib; sourceTree = "<group>"; };
		148AC02B1D9E442C00A6772C /* libopencv_stitching.2.4.dylib */ = {isa = PBXFileReference; lastKnownFileType = "compiled.mach-o.dylib"; name = libopencv_stitching.2.4.dylib; path = ../../../../../usr/local/lib/libopencv_stitching.2.4.dylib; sourceTree = "<group>"; };
		148AC02C1D9E442C00A6772C /* libopencv_stitching.3.1.0.dylib */ = {isa = PBXFileReference; lastKnownFileType = "compiled.mach-o.dylib"; name = libopencv_stitching.3.1.0.dylib; path = ../../../../../usr/local/lib/libopencv_stitching.3.1.0.dylib; sourceTree = "<group>"; };
		148AC02D1D9E442C00A6772C /* libopencv_stitching.3.1.dylib */ = {isa = PBXFileReference; lastKnownFileType = "compiled.mach-o.dylib"; name = libopencv_stitching.3.1.dylib; path = ../../../../../usr/local/lib/libopencv_stitching.3.1.dylib; sourceTree = "<group>"; };
		148AC02E1D9E442C00A6772C /* libopencv_stitching.dylib */ = {isa = PBXFileReference; lastKnownFileType = "compiled.mach-o.dylib"; name = libopencv_stitching.dylib; path = ../../../../../usr/local/lib/libopencv_stitching.dylib; sourceTree = "<group>"; };
		148AC02F1D9E442C00A6772C /* libopencv_structured_light.3.1.0.dylib */ = {isa = PBXFileReference; lastKnownFileType = "compiled.mach-o.dylib"; name = libopencv_structured_light.3.1.0.dylib; path = ../../../../../usr/local/lib/libopencv_structured_light.3.1.0.dylib; sourceTree = "<group>"; };
		148AC0301D9E442C00A6772C /* libopencv_structured_light.3.1.dylib */ = {isa = PBXFileReference; lastKnownFileType = "compiled.mach-o.dylib"; name = libopencv_structured_light.3.1.dylib; path = ../../../../../usr/local/lib/libopencv_structured_light.3.1.dylib; sourceTree = "<group>"; };
		148AC0311D9E442C00A6772C /* libopencv_structured_light.dylib */ = {isa = PBXFileReference; lastKnownFileType = "compiled.mach-o.dylib"; name = libopencv_structured_light.dylib; path = ../../../../../usr/local/lib/libopencv_structured_light.dylib; sourceTree = "<group>"; };
		148AC0321D9E442C00A6772C /* libopencv_superres.2.4.12.dylib */ = {isa = PBXFileReference; lastKnownFileType = "compiled.mach-o.dylib"; name = libopencv_superres.2.4.12.dylib; path = ../../../../../usr/local/lib/libopencv_superres.2.4.12.dylib; sourceTree = "<group>"; };
		148AC0331D9E442C00A6772C /* libopencv_superres.2.4.dylib */ = {isa = PBXFileReference; lastKnownFileType = "compiled.mach-o.dylib"; name = libopencv_superres.2.4.dylib; path = ../../../../../usr/local/lib/libopencv_superres.2.4.dylib; sourceTree = "<group>"; };
		148AC0341D9E442C00A6772C /* libopencv_superres.3.1.0.dylib */ = {isa = PBXFileReference; lastKnownFileType = "compiled.mach-o.dylib"; name = libopencv_superres.3.1.0.dylib; path = ../../../../../usr/local/lib/libopencv_superres.3.1.0.dylib; sourceTree = "<group>"; };
		148AC0351D9E442C00A6772C /* libopencv_superres.3.1.dylib */ = {isa = PBXFileReference; lastKnownFileType = "compiled.mach-o.dylib"; name = libopencv_superres.3.1.dylib; path = ../../../../../usr/local/lib/libopencv_superres.3.1.dylib; sourceTree = "<group>"; };
		148AC0361D9E442C00A6772C /* libopencv_superres.dylib */ = {isa = PBXFileReference; lastKnownFileType = "compiled.mach-o.dylib"; name = libopencv_superres.dylib; path = ../../../../../usr/local/lib/libopencv_superres.dylib; sourceTree = "<group>"; };
		148AC0371D9E442C00A6772C /* libopencv_surface_matching.3.1.0.dylib */ = {isa = PBXFileReference; lastKnownFileType = "compiled.mach-o.dylib"; name = libopencv_surface_matching.3.1.0.dylib; path = ../../../../../usr/local/lib/libopencv_surface_matching.3.1.0.dylib; sourceTree = "<group>"; };
		148AC0381D9E442C00A6772C /* libopencv_surface_matching.3.1.dylib */ = {isa = PBXFileReference; lastKnownFileType = "compiled.mach-o.dylib"; name = libopencv_surface_matching.3.1.dylib; path = ../../../../../usr/local/lib/libopencv_surface_matching.3.1.dylib; sourceTree = "<group>"; };
		148AC0391D9E442C00A6772C /* libopencv_surface_matching.dylib */ = {isa = PBXFileReference; lastKnownFileType = "compiled.mach-o.dylib"; name = libopencv_surface_matching.dylib; path = ../../../../../usr/local/lib/libopencv_surface_matching.dylib; sourceTree = "<group>"; };
		148AC03A1D9E442C00A6772C /* libopencv_text.3.1.0.dylib */ = {isa = PBXFileReference; lastKnownFileType = "compiled.mach-o.dylib"; name = libopencv_text.3.1.0.dylib; path = ../../../../../usr/local/lib/libopencv_text.3.1.0.dylib; sourceTree = "<group>"; };
		148AC03B1D9E442C00A6772C /* libopencv_text.3.1.dylib */ = {isa = PBXFileReference; lastKnownFileType = "compiled.mach-o.dylib"; name = libopencv_text.3.1.dylib; path = ../../../../../usr/local/lib/libopencv_text.3.1.dylib; sourceTree = "<group>"; };
		148AC03C1D9E442C00A6772C /* libopencv_text.dylib */ = {isa = PBXFileReference; lastKnownFileType = "compiled.mach-o.dylib"; name = libopencv_text.dylib; path = ../../../../../usr/local/lib/libopencv_text.dylib; sourceTree = "<group>"; };
		148AC03D1D9E442C00A6772C /* libopencv_tracking.3.1.0.dylib */ = {isa = PBXFileReference; lastKnownFileType = "compiled.mach-o.dylib"; name = libopencv_tracking.3.1.0.dylib; path = ../../../../../usr/local/lib/libopencv_tracking.3.1.0.dylib; sourceTree = "<group>"; };
		148AC03E1D9E442C00A6772C /* libopencv_tracking.3.1.dylib */ = {isa = PBXFileReference; lastKnownFileType = "compiled.mach-o.dylib"; name = libopencv_tracking.3.1.dylib; path = ../../../../../usr/local/lib/libopencv_tracking.3.1.dylib; sourceTree = "<group>"; };
		148AC03F1D9E442C00A6772C /* libopencv_tracking.dylib */ = {isa = PBXFileReference; lastKnownFileType = "compiled.mach-o.dylib"; name = libopencv_tracking.dylib; path = ../../../../../usr/local/lib/libopencv_tracking.dylib; sourceTree = "<group>"; };
		148AC0401D9E442C00A6772C /* libopencv_ts.a */ = {isa = PBXFileReference; lastKnownFileType = archive.ar; name = libopencv_ts.a; path = ../../../../../usr/local/lib/libopencv_ts.a; sourceTree = "<group>"; };
		148AC0411D9E442C00A6772C /* libopencv_video.2.4.12.dylib */ = {isa = PBXFileReference; lastKnownFileType = "compiled.mach-o.dylib"; name = libopencv_video.2.4.12.dylib; path = ../../../../../usr/local/lib/libopencv_video.2.4.12.dylib; sourceTree = "<group>"; };
		148AC0421D9E442C00A6772C /* libopencv_video.2.4.dylib */ = {isa = PBXFileReference; lastKnownFileType = "compiled.mach-o.dylib"; name = libopencv_video.2.4.dylib; path = ../../../../../usr/local/lib/libopencv_video.2.4.dylib; sourceTree = "<group>"; };
		148AC0431D9E442C00A6772C /* libopencv_video.3.1.0.dylib */ = {isa = PBXFileReference; lastKnownFileType = "compiled.mach-o.dylib"; name = libopencv_video.3.1.0.dylib; path = ../../../../../usr/local/lib/libopencv_video.3.1.0.dylib; sourceTree = "<group>"; };
		148AC0441D9E442C00A6772C /* libopencv_video.3.1.dylib */ = {isa = PBXFileReference; lastKnownFileType = "compiled.mach-o.dylib"; name = libopencv_video.3.1.dylib; path = ../../../../../usr/local/lib/libopencv_video.3.1.dylib; sourceTree = "<group>"; };
		148AC0451D9E442C00A6772C /* libopencv_video.dylib */ = {isa = PBXFileReference; lastKnownFileType = "compiled.mach-o.dylib"; name = libopencv_video.dylib; path = ../../../../../usr/local/lib/libopencv_video.dylib; sourceTree = "<group>"; };
		148AC0461D9E442C00A6772C /* libopencv_videoio.3.1.0.dylib */ = {isa = PBXFileReference; lastKnownFileType = "compiled.mach-o.dylib"; name = libopencv_videoio.3.1.0.dylib; path = ../../../../../usr/local/lib/libopencv_videoio.3.1.0.dylib; sourceTree = "<group>"; };
		148AC0471D9E442C00A6772C /* libopencv_videoio.3.1.dylib */ = {isa = PBXFileReference; lastKnownFileType = "compiled.mach-o.dylib"; name = libopencv_videoio.3.1.dylib; path = ../../../../../usr/local/lib/libopencv_videoio.3.1.dylib; sourceTree = "<group>"; };
		148AC0481D9E442C00A6772C /* libopencv_videoio.dylib */ = {isa = PBXFileReference; lastKnownFileType = "compiled.mach-o.dylib"; name = libopencv_videoio.dylib; path = ../../../../../usr/local/lib/libopencv_videoio.dylib; sourceTree = "<group>"; };
		148AC0491D9E442C00A6772C /* libopencv_videostab.2.4.12.dylib */ = {isa = PBXFileReference; lastKnownFileType = "compiled.mach-o.dylib"; name = libopencv_videostab.2.4.12.dylib; path = ../../../../../usr/local/lib/libopencv_videostab.2.4.12.dylib; sourceTree = "<group>"; };
		148AC04A1D9E442C00A6772C /* libopencv_videostab.2.4.dylib */ = {isa = PBXFileReference; lastKnownFileType = "compiled.mach-o.dylib"; name = libopencv_videostab.2.4.dylib; path = ../../../../../usr/local/lib/libopencv_videostab.2.4.dylib; sourceTree = "<group>"; };
		148AC04B1D9E442C00A6772C /* libopencv_videostab.3.1.0.dylib */ = {isa = PBXFileReference; lastKnownFileType = "compiled.mach-o.dylib"; name = libopencv_videostab.3.1.0.dylib; path = ../../../../../usr/local/lib/libopencv_videostab.3.1.0.dylib; sourceTree = "<group>"; };
		148AC04C1D9E442C00A6772C /* libopencv_videostab.3.1.dylib */ = {isa = PBXFileReference; lastKnownFileType = "compiled.mach-o.dylib"; name = libopencv_videostab.3.1.dylib; path = ../../../../../usr/local/lib/libopencv_videostab.3.1.dylib; sourceTree = "<group>"; };
		148AC04D1D9E442C00A6772C /* libopencv_videostab.dylib */ = {isa = PBXFileReference; lastKnownFileType = "compiled.mach-o.dylib"; name = libopencv_videostab.dylib; path = ../../../../../usr/local/lib/libopencv_videostab.dylib; sourceTree = "<group>"; };
		148AC04E1D9E442C00A6772C /* libopencv_xfeatures2d.3.1.0.dylib */ = {isa = PBXFileReference; lastKnownFileType = "compiled.mach-o.dylib"; name = libopencv_xfeatures2d.3.1.0.dylib; path = ../../../../../usr/local/lib/libopencv_xfeatures2d.3.1.0.dylib; sourceTree = "<group>"; };
		148AC04F1D9E442C00A6772C /* libopencv_xfeatures2d.3.1.dylib */ = {isa = PBXFileReference; lastKnownFileType = "compiled.mach-o.dylib"; name = libopencv_xfeatures2d.3.1.dylib; path = ../../../../../usr/local/lib/libopencv_xfeatures2d.3.1.dylib; sourceTree = "<group>"; };
		148AC0501D9E442C00A6772C /* libopencv_xfeatures2d.dylib */ = {isa = PBXFileReference; lastKnownFileType = "compiled.mach-o.dylib"; name = libopencv_xfeatures2d.dylib; path = ../../../../../usr/local/lib/libopencv_xfeatures2d.dylib; sourceTree = "<group>"; };
		148AC0511D9E442C00A6772C /* libopencv_ximgproc.3.1.0.dylib */ = {isa = PBXFileReference; lastKnownFileType = "compiled.mach-o.dylib"; name = libopencv_ximgproc.3.1.0.dylib; path = ../../../../../usr/local/lib/libopencv_ximgproc.3.1.0.dylib; sourceTree = "<group>"; };
		148AC0521D9E442C00A6772C /* libopencv_ximgproc.3.1.dylib */ = {isa = PBXFileReference; lastKnownFileType = "compiled.mach-o.dylib"; name = libopencv_ximgproc.3.1.dylib; path = ../../../../../usr/local/lib/libopencv_ximgproc.3.1.dylib; sourceTree = "<group>"; };
		148AC0531D9E442C00A6772C /* libopencv_ximgproc.dylib */ = {isa = PBXFileReference; lastKnownFileType = "compiled.mach-o.dylib"; name = libopencv_ximgproc.dylib; path = ../../../../../usr/local/lib/libopencv_ximgproc.dylib; sourceTree = "<group>"; };
		148AC0541D9E442C00A6772C /* libopencv_xobjdetect.3.1.0.dylib */ = {isa = PBXFileReference; lastKnownFileType = "compiled.mach-o.dylib"; name = libopencv_xobjdetect.3.1.0.dylib; path = ../../../../../usr/local/lib/libopencv_xobjdetect.3.1.0.dylib; sourceTree = "<group>"; };
		148AC0551D9E442C00A6772C /* libopencv_xobjdetect.3.1.dylib */ = {isa = PBXFileReference; lastKnownFileType = "compiled.mach-o.dylib"; name = libopencv_xobjdetect.3.1.dylib; path = ../../../../../usr/local/lib/libopencv_xobjdetect.3.1.dylib; sourceTree = "<group>"; };
		148AC0561D9E442C00A6772C /* libopencv_xobjdetect.dylib */ = {isa = PBXFileReference; lastKnownFileType = "compiled.mach-o.dylib"; name = libopencv_xobjdetect.dylib; path = ../../../../../usr/local/lib/libopencv_xobjdetect.dylib; sourceTree = "<group>"; };
		148AC0571D9E442C00A6772C /* libopencv_xphoto.3.1.0.dylib */ = {isa = PBXFileReference; lastKnownFileType = "compiled.mach-o.dylib"; name = libopencv_xphoto.3.1.0.dylib; path = ../../../../../usr/local/lib/libopencv_xphoto.3.1.0.dylib; sourceTree = "<group>"; };
		148AC0581D9E442C00A6772C /* libopencv_xphoto.3.1.dylib */ = {isa = PBXFileReference; lastKnownFileType = "compiled.mach-o.dylib"; name = libopencv_xphoto.3.1.dylib; path = ../../../../../usr/local/lib/libopencv_xphoto.3.1.dylib; sourceTree = "<group>"; };
		148AC0591D9E442C00A6772C /* libopencv_xphoto.dylib */ = {isa = PBXFileReference; lastKnownFileType = "compiled.mach-o.dylib"; name = libopencv_xphoto.dylib; path = ../../../../../usr/local/lib/libopencv_xphoto.dylib; sourceTree = "<group>"; };
/* End PBXFileReference section */

/* Begin PBXFrameworksBuildPhase section */
		148ABFAA1D9E438500A6772C /* Frameworks */ = {
			isa = PBXFrameworksBuildPhase;
			buildActionMask = 2147483647;
			files = (
				148AC1241D9E4A3800A6772C /* libopencv_imgcodecs.3.1.0.dylib in Frameworks */,
				148AC1251D9E4A3800A6772C /* libopencv_imgproc.3.1.0.dylib in Frameworks */,
				148AC1221D9E4A2C00A6772C /* libopencv_videoio.3.1.0.dylib in Frameworks */,
				148AC1231D9E4A3300A6772C /* libopencv_ml.3.1.0.dylib in Frameworks */,
				148AC1211D9E4A0E00A6772C /* libopencv_videostab.3.1.0.dylib in Frameworks */,
				148AC11C1D9E49CA00A6772C /* libopencv_core.3.1.0.dylib in Frameworks */,
				148AC11D1D9E49CA00A6772C /* libopencv_highgui.3.1.0.dylib in Frameworks */,
				148AC11E1D9E49CA00A6772C /* libopencv_video.3.1.0.dylib in Frameworks */,
			);
			runOnlyForDeploymentPostprocessing = 0;
		};
/* End PBXFrameworksBuildPhase section */

/* Begin PBXGroup section */
		148ABFA41D9E438500A6772C = {
			isa = PBXGroup;
			children = (
				148ABFAF1D9E438500A6772C /* myOpenCV */,
				148ABFAE1D9E438500A6772C /* Products */,
				148ABFB71D9E442C00A6772C /* Frameworks */,
			);
			sourceTree = "<group>";
		};
		148ABFAE1D9E438500A6772C /* Products */ = {
			isa = PBXGroup;
			children = (
				148ABFAD1D9E438500A6772C /* myOpenCV */,
			);
			name = Products;
			sourceTree = "<group>";
		};
		148ABFAF1D9E438500A6772C /* myOpenCV */ = {
			isa = PBXGroup;
			children = (
				148ABFB01D9E438500A6772C /* main.cpp */,
			);
			path = myOpenCV;
			sourceTree = "<group>";
		};
		148ABFB71D9E442C00A6772C /* Frameworks */ = {
			isa = PBXGroup;
			children = (
				148ABFB81D9E442C00A6772C /* libopencv_aruco.3.1.0.dylib */,
				148ABFB91D9E442C00A6772C /* libopencv_aruco.3.1.dylib */,
				148ABFBA1D9E442C00A6772C /* libopencv_aruco.dylib */,
				148ABFBB1D9E442C00A6772C /* libopencv_bgsegm.3.1.0.dylib */,
				148ABFBC1D9E442C00A6772C /* libopencv_bgsegm.3.1.dylib */,
				148ABFBD1D9E442C00A6772C /* libopencv_bgsegm.dylib */,
				148ABFBE1D9E442C00A6772C /* libopencv_bioinspired.3.1.0.dylib */,
				148ABFBF1D9E442C00A6772C /* libopencv_bioinspired.3.1.dylib */,
				148ABFC01D9E442C00A6772C /* libopencv_bioinspired.dylib */,
				148ABFC11D9E442C00A6772C /* libopencv_calib3d.2.4.12.dylib */,
				148ABFC21D9E442C00A6772C /* libopencv_calib3d.2.4.dylib */,
				148ABFC31D9E442C00A6772C /* libopencv_calib3d.3.1.0.dylib */,
				148ABFC41D9E442C00A6772C /* libopencv_calib3d.3.1.dylib */,
				148ABFC51D9E442C00A6772C /* libopencv_calib3d.dylib */,
				148ABFC61D9E442C00A6772C /* libopencv_ccalib.3.1.0.dylib */,
				148ABFC71D9E442C00A6772C /* libopencv_ccalib.3.1.dylib */,
				148ABFC81D9E442C00A6772C /* libopencv_ccalib.dylib */,
				148ABFC91D9E442C00A6772C /* libopencv_contrib.2.4.12.dylib */,
				148ABFCA1D9E442C00A6772C /* libopencv_contrib.2.4.dylib */,
				148ABFCB1D9E442C00A6772C /* libopencv_contrib.dylib */,
				148ABFCC1D9E442C00A6772C /* libopencv_core.2.4.12.dylib */,
				148ABFCD1D9E442C00A6772C /* libopencv_core.2.4.dylib */,
				148ABFCE1D9E442C00A6772C /* libopencv_core.3.1.0.dylib */,
				148ABFCF1D9E442C00A6772C /* libopencv_core.3.1.dylib */,
				148ABFD01D9E442C00A6772C /* libopencv_core.dylib */,
				148ABFD11D9E442C00A6772C /* libopencv_datasets.3.1.0.dylib */,
				148ABFD21D9E442C00A6772C /* libopencv_datasets.3.1.dylib */,
				148ABFD31D9E442C00A6772C /* libopencv_datasets.dylib */,
				148ABFD41D9E442C00A6772C /* libopencv_dnn.3.1.0.dylib */,
				148ABFD51D9E442C00A6772C /* libopencv_dnn.3.1.dylib */,
				148ABFD61D9E442C00A6772C /* libopencv_dnn.dylib */,
				148ABFD71D9E442C00A6772C /* libopencv_dpm.3.1.0.dylib */,
				148ABFD81D9E442C00A6772C /* libopencv_dpm.3.1.dylib */,
				148ABFD91D9E442C00A6772C /* libopencv_dpm.dylib */,
				148ABFDA1D9E442C00A6772C /* libopencv_face.3.1.0.dylib */,
				148ABFDB1D9E442C00A6772C /* libopencv_face.3.1.dylib */,
				148ABFDC1D9E442C00A6772C /* libopencv_face.dylib */,
				148ABFDD1D9E442C00A6772C /* libopencv_features2d.2.4.12.dylib */,
				148ABFDE1D9E442C00A6772C /* libopencv_features2d.2.4.dylib */,
				148ABFDF1D9E442C00A6772C /* libopencv_features2d.3.1.0.dylib */,
				148ABFE01D9E442C00A6772C /* libopencv_features2d.3.1.dylib */,
				148ABFE11D9E442C00A6772C /* libopencv_features2d.dylib */,
				148ABFE21D9E442C00A6772C /* libopencv_flann.2.4.12.dylib */,
				148ABFE31D9E442C00A6772C /* libopencv_flann.2.4.dylib */,
				148ABFE41D9E442C00A6772C /* libopencv_flann.3.1.0.dylib */,
				148ABFE51D9E442C00A6772C /* libopencv_flann.3.1.dylib */,
				148ABFE61D9E442C00A6772C /* libopencv_flann.dylib */,
				148ABFE71D9E442C00A6772C /* libopencv_fuzzy.3.1.0.dylib */,
				148ABFE81D9E442C00A6772C /* libopencv_fuzzy.3.1.dylib */,
				148ABFE91D9E442C00A6772C /* libopencv_fuzzy.dylib */,
				148ABFEA1D9E442C00A6772C /* libopencv_gpu.2.4.12.dylib */,
				148ABFEB1D9E442C00A6772C /* libopencv_gpu.2.4.dylib */,
				148ABFEC1D9E442C00A6772C /* libopencv_gpu.dylib */,
				148ABFED1D9E442C00A6772C /* libopencv_highgui.2.4.12.dylib */,
				148ABFEE1D9E442C00A6772C /* libopencv_highgui.2.4.dylib */,
				148ABFEF1D9E442C00A6772C /* libopencv_highgui.3.1.0.dylib */,
				148ABFF01D9E442C00A6772C /* libopencv_highgui.3.1.dylib */,
				148ABFF11D9E442C00A6772C /* libopencv_highgui.dylib */,
				148ABFF21D9E442C00A6772C /* libopencv_imgcodecs.3.1.0.dylib */,
				148ABFF31D9E442C00A6772C /* libopencv_imgcodecs.3.1.dylib */,
				148ABFF41D9E442C00A6772C /* libopencv_imgcodecs.dylib */,
				148ABFF51D9E442C00A6772C /* libopencv_imgproc.2.4.12.dylib */,
				148ABFF61D9E442C00A6772C /* libopencv_imgproc.2.4.dylib */,
				148ABFF71D9E442C00A6772C /* libopencv_imgproc.3.1.0.dylib */,
				148ABFF81D9E442C00A6772C /* libopencv_imgproc.3.1.dylib */,
				148ABFF91D9E442C00A6772C /* libopencv_imgproc.dylib */,
				148ABFFA1D9E442C00A6772C /* libopencv_legacy.2.4.12.dylib */,
				148ABFFB1D9E442C00A6772C /* libopencv_legacy.2.4.dylib */,
				148ABFFC1D9E442C00A6772C /* libopencv_legacy.dylib */,
				148ABFFD1D9E442C00A6772C /* libopencv_line_descriptor.3.1.0.dylib */,
				148ABFFE1D9E442C00A6772C /* libopencv_line_descriptor.3.1.dylib */,
				148ABFFF1D9E442C00A6772C /* libopencv_line_descriptor.dylib */,
				148AC0001D9E442C00A6772C /* libopencv_ml.2.4.12.dylib */,
				148AC0011D9E442C00A6772C /* libopencv_ml.2.4.dylib */,
				148AC0021D9E442C00A6772C /* libopencv_ml.3.1.0.dylib */,
				148AC0031D9E442C00A6772C /* libopencv_ml.3.1.dylib */,
				148AC0041D9E442C00A6772C /* libopencv_ml.dylib */,
				148AC0051D9E442C00A6772C /* libopencv_nonfree.2.4.12.dylib */,
				148AC0061D9E442C00A6772C /* libopencv_nonfree.2.4.dylib */,
				148AC0071D9E442C00A6772C /* libopencv_nonfree.dylib */,
				148AC0081D9E442C00A6772C /* libopencv_objdetect.2.4.12.dylib */,
				148AC0091D9E442C00A6772C /* libopencv_objdetect.2.4.dylib */,
				148AC00A1D9E442C00A6772C /* libopencv_objdetect.3.1.0.dylib */,
				148AC00B1D9E442C00A6772C /* libopencv_objdetect.3.1.dylib */,
				148AC00C1D9E442C00A6772C /* libopencv_objdetect.dylib */,
				148AC00D1D9E442C00A6772C /* libopencv_ocl.2.4.12.dylib */,
				148AC00E1D9E442C00A6772C /* libopencv_ocl.2.4.dylib */,
				148AC00F1D9E442C00A6772C /* libopencv_ocl.dylib */,
				148AC0101D9E442C00A6772C /* libopencv_optflow.3.1.0.dylib */,
				148AC0111D9E442C00A6772C /* libopencv_optflow.3.1.dylib */,
				148AC0121D9E442C00A6772C /* libopencv_optflow.dylib */,
				148AC0131D9E442C00A6772C /* libopencv_photo.2.4.12.dylib */,
				148AC0141D9E442C00A6772C /* libopencv_photo.2.4.dylib */,
				148AC0151D9E442C00A6772C /* libopencv_photo.3.1.0.dylib */,
				148AC0161D9E442C00A6772C /* libopencv_photo.3.1.dylib */,
				148AC0171D9E442C00A6772C /* libopencv_photo.dylib */,
				148AC0181D9E442C00A6772C /* libopencv_plot.3.1.0.dylib */,
				148AC0191D9E442C00A6772C /* libopencv_plot.3.1.dylib */,
				148AC01A1D9E442C00A6772C /* libopencv_plot.dylib */,
				148AC01B1D9E442C00A6772C /* libopencv_reg.3.1.0.dylib */,
				148AC01C1D9E442C00A6772C /* libopencv_reg.3.1.dylib */,
				148AC01D1D9E442C00A6772C /* libopencv_reg.dylib */,
				148AC01E1D9E442C00A6772C /* libopencv_rgbd.3.1.0.dylib */,
				148AC01F1D9E442C00A6772C /* libopencv_rgbd.3.1.dylib */,
				148AC0201D9E442C00A6772C /* libopencv_rgbd.dylib */,
				148AC0211D9E442C00A6772C /* libopencv_saliency.3.1.0.dylib */,
				148AC0221D9E442C00A6772C /* libopencv_saliency.3.1.dylib */,
				148AC0231D9E442C00A6772C /* libopencv_saliency.dylib */,
				148AC0241D9E442C00A6772C /* libopencv_shape.3.1.0.dylib */,
				148AC0251D9E442C00A6772C /* libopencv_shape.3.1.dylib */,
				148AC0261D9E442C00A6772C /* libopencv_shape.dylib */,
				148AC0271D9E442C00A6772C /* libopencv_stereo.3.1.0.dylib */,
				148AC0281D9E442C00A6772C /* libopencv_stereo.3.1.dylib */,
				148AC0291D9E442C00A6772C /* libopencv_stereo.dylib */,
				148AC02A1D9E442C00A6772C /* libopencv_stitching.2.4.12.dylib */,
				148AC02B1D9E442C00A6772C /* libopencv_stitching.2.4.dylib */,
				148AC02C1D9E442C00A6772C /* libopencv_stitching.3.1.0.dylib */,
				148AC02D1D9E442C00A6772C /* libopencv_stitching.3.1.dylib */,
				148AC02E1D9E442C00A6772C /* libopencv_stitching.dylib */,
				148AC02F1D9E442C00A6772C /* libopencv_structured_light.3.1.0.dylib */,
				148AC0301D9E442C00A6772C /* libopencv_structured_light.3.1.dylib */,
				148AC0311D9E442C00A6772C /* libopencv_structured_light.dylib */,
				148AC0321D9E442C00A6772C /* libopencv_superres.2.4.12.dylib */,
				148AC0331D9E442C00A6772C /* libopencv_superres.2.4.dylib */,
				148AC0341D9E442C00A6772C /* libopencv_superres.3.1.0.dylib */,
				148AC0351D9E442C00A6772C /* libopencv_superres.3.1.dylib */,
				148AC0361D9E442C00A6772C /* libopencv_superres.dylib */,
				148AC0371D9E442C00A6772C /* libopencv_surface_matching.3.1.0.dylib */,
				148AC0381D9E442C00A6772C /* libopencv_surface_matching.3.1.dylib */,
				148AC0391D9E442C00A6772C /* libopencv_surface_matching.dylib */,
				148AC03A1D9E442C00A6772C /* libopencv_text.3.1.0.dylib */,
				148AC03B1D9E442C00A6772C /* libopencv_text.3.1.dylib */,
				148AC03C1D9E442C00A6772C /* libopencv_text.dylib */,
				148AC03D1D9E442C00A6772C /* libopencv_tracking.3.1.0.dylib */,
				148AC03E1D9E442C00A6772C /* libopencv_tracking.3.1.dylib */,
				148AC03F1D9E442C00A6772C /* libopencv_tracking.dylib */,
				148AC0401D9E442C00A6772C /* libopencv_ts.a */,
				148AC0411D9E442C00A6772C /* libopencv_video.2.4.12.dylib */,
				148AC0421D9E442C00A6772C /* libopencv_video.2.4.dylib */,
				148AC0431D9E442C00A6772C /* libopencv_video.3.1.0.dylib */,
				148AC0441D9E442C00A6772C /* libopencv_video.3.1.dylib */,
				148AC0451D9E442C00A6772C /* libopencv_video.dylib */,
				148AC0461D9E442C00A6772C /* libopencv_videoio.3.1.0.dylib */,
				148AC0471D9E442C00A6772C /* libopencv_videoio.3.1.dylib */,
				148AC0481D9E442C00A6772C /* libopencv_videoio.dylib */,
				148AC0491D9E442C00A6772C /* libopencv_videostab.2.4.12.dylib */,
				148AC04A1D9E442C00A6772C /* libopencv_videostab.2.4.dylib */,
				148AC04B1D9E442C00A6772C /* libopencv_videostab.3.1.0.dylib */,
				148AC04C1D9E442C00A6772C /* libopencv_videostab.3.1.dylib */,
				148AC04D1D9E442C00A6772C /* libopencv_videostab.dylib */,
				148AC04E1D9E442C00A6772C /* libopencv_xfeatures2d.3.1.0.dylib */,
				148AC04F1D9E442C00A6772C /* libopencv_xfeatures2d.3.1.dylib */,
				148AC0501D9E442C00A6772C /* libopencv_xfeatures2d.dylib */,
				148AC0511D9E442C00A6772C /* libopencv_ximgproc.3.1.0.dylib */,
				148AC0521D9E442C00A6772C /* libopencv_ximgproc.3.1.dylib */,
				148AC0531D9E442C00A6772C /* libopencv_ximgproc.dylib */,
				148AC0541D9E442C00A6772C /* libopencv_xobjdetect.3.1.0.dylib */,
				148AC0551D9E442C00A6772C /* libopencv_xobjdetect.3.1.dylib */,
				148AC0561D9E442C00A6772C /* libopencv_xobjdetect.dylib */,
				148AC0571D9E442C00A6772C /* libopencv_xphoto.3.1.0.dylib */,
				148AC0581D9E442C00A6772C /* libopencv_xphoto.3.1.dylib */,
				148AC0591D9E442C00A6772C /* libopencv_xphoto.dylib */,
			);
			name = Frameworks;
			sourceTree = "<group>";
		};
/* End PBXGroup section */

/* Begin PBXNativeTarget section */
		148ABFAC1D9E438500A6772C /* myOpenCV */ = {
			isa = PBXNativeTarget;
			buildConfigurationList = 148ABFB41D9E438500A6772C /* Build configuration list for PBXNativeTarget "myOpenCV" */;
			buildPhases = (
				148ABFA91D9E438500A6772C /* Sources */,
				148ABFAA1D9E438500A6772C /* Frameworks */,
				148ABFAB1D9E438500A6772C /* CopyFiles */,
			);
			buildRules = (
			);
			dependencies = (
			);
			name = myOpenCV;
			productName = myOpenCV;
			productReference = 148ABFAD1D9E438500A6772C /* myOpenCV */;
			productType = "com.apple.product-type.tool";
		};
/* End PBXNativeTarget section */

/* Begin PBXProject section */
		148ABFA51D9E438500A6772C /* Project object */ = {
			isa = PBXProject;
			attributes = {
				LastUpgradeCheck = 0800;
				ORGANIZATIONNAME = "Katsuya Fujii";
				TargetAttributes = {
					148ABFAC1D9E438500A6772C = {
						CreatedOnToolsVersion = 8.0;
						ProvisioningStyle = Automatic;
					};
				};
			};
			buildConfigurationList = 148ABFA81D9E438500A6772C /* Build configuration list for PBXProject "myOpenCV" */;
			compatibilityVersion = "Xcode 3.2";
			developmentRegion = English;
			hasScannedForEncodings = 0;
			knownRegions = (
				en,
			);
			mainGroup = 148ABFA41D9E438500A6772C;
			productRefGroup = 148ABFAE1D9E438500A6772C /* Products */;
			projectDirPath = "";
			projectRoot = "";
			targets = (
				148ABFAC1D9E438500A6772C /* myOpenCV */,
			);
		};
/* End PBXProject section */

/* Begin PBXSourcesBuildPhase section */
		148ABFA91D9E438500A6772C /* Sources */ = {
			isa = PBXSourcesBuildPhase;
			buildActionMask = 2147483647;
			files = (
				148ABFB11D9E438500A6772C /* main.cpp in Sources */,
			);
			runOnlyForDeploymentPostprocessing = 0;
		};
/* End PBXSourcesBuildPhase section */

/* Begin XCBuildConfiguration section */
		148ABFB21D9E438500A6772C /* Debug */ = {
			isa = XCBuildConfiguration;
			buildSettings = {
				ALWAYS_SEARCH_USER_PATHS = NO;
				CLANG_ANALYZER_NONNULL = YES;
				CLANG_CXX_LANGUAGE_STANDARD = "gnu++0x";
				CLANG_CXX_LIBRARY = "libc++";
				CLANG_ENABLE_MODULES = YES;
				CLANG_ENABLE_OBJC_ARC = YES;
				CLANG_WARN_BOOL_CONVERSION = YES;
				CLANG_WARN_CONSTANT_CONVERSION = YES;
				CLANG_WARN_DIRECT_OBJC_ISA_USAGE = YES_ERROR;
				CLANG_WARN_DOCUMENTATION_COMMENTS = YES;
				CLANG_WARN_EMPTY_BODY = YES;
				CLANG_WARN_ENUM_CONVERSION = YES;
				CLANG_WARN_INFINITE_RECURSION = YES;
				CLANG_WARN_INT_CONVERSION = YES;
				CLANG_WARN_OBJC_ROOT_CLASS = YES_ERROR;
				CLANG_WARN_SUSPICIOUS_MOVES = YES;
				CLANG_WARN_UNREACHABLE_CODE = YES;
				CLANG_WARN__DUPLICATE_METHOD_MATCH = YES;
				CODE_SIGN_IDENTITY = "-";
				COPY_PHASE_STRIP = NO;
				DEBUG_INFORMATION_FORMAT = dwarf;
				ENABLE_STRICT_OBJC_MSGSEND = YES;
				ENABLE_TESTABILITY = YES;
				GCC_C_LANGUAGE_STANDARD = gnu99;
				GCC_DYNAMIC_NO_PIC = NO;
				GCC_NO_COMMON_BLOCKS = YES;
				GCC_OPTIMIZATION_LEVEL = 0;
				GCC_PREPROCESSOR_DEFINITIONS = (
					"DEBUG=1",
					"$(inherited)",
				);
				GCC_WARN_64_TO_32_BIT_CONVERSION = YES;
				GCC_WARN_ABOUT_RETURN_TYPE = YES_ERROR;
				GCC_WARN_UNDECLARED_SELECTOR = YES;
				GCC_WARN_UNINITIALIZED_AUTOS = YES_AGGRESSIVE;
				GCC_WARN_UNUSED_FUNCTION = YES;
				GCC_WARN_UNUSED_VARIABLE = YES;
				HEADER_SEARCH_PATHS = /usr/local/include;
				LIBRARY_SEARCH_PATHS = /usr/local/lib;
				MACOSX_DEPLOYMENT_TARGET = 10.11;
				MTL_ENABLE_DEBUG_INFO = YES;
				ONLY_ACTIVE_ARCH = YES;
				SDKROOT = macosx;
			};
			name = Debug;
		};
		148ABFB31D9E438500A6772C /* Release */ = {
			isa = XCBuildConfiguration;
			buildSettings = {
				ALWAYS_SEARCH_USER_PATHS = NO;
				CLANG_ANALYZER_NONNULL = YES;
				CLANG_CXX_LANGUAGE_STANDARD = "gnu++0x";
				CLANG_CXX_LIBRARY = "libc++";
				CLANG_ENABLE_MODULES = YES;
				CLANG_ENABLE_OBJC_ARC = YES;
				CLANG_WARN_BOOL_CONVERSION = YES;
				CLANG_WARN_CONSTANT_CONVERSION = YES;
				CLANG_WARN_DIRECT_OBJC_ISA_USAGE = YES_ERROR;
				CLANG_WARN_DOCUMENTATION_COMMENTS = YES;
				CLANG_WARN_EMPTY_BODY = YES;
				CLANG_WARN_ENUM_CONVERSION = YES;
				CLANG_WARN_INFINITE_RECURSION = YES;
				CLANG_WARN_INT_CONVERSION = YES;
				CLANG_WARN_OBJC_ROOT_CLASS = YES_ERROR;
				CLANG_WARN_SUSPICIOUS_MOVES = YES;
				CLANG_WARN_UNREACHABLE_CODE = YES;
				CLANG_WARN__DUPLICATE_METHOD_MATCH = YES;
				CODE_SIGN_IDENTITY = "-";
				COPY_PHASE_STRIP = NO;
				DEBUG_INFORMATION_FORMAT = "dwarf-with-dsym";
				ENABLE_NS_ASSERTIONS = NO;
				ENABLE_STRICT_OBJC_MSGSEND = YES;
				GCC_C_LANGUAGE_STANDARD = gnu99;
				GCC_NO_COMMON_BLOCKS = YES;
				GCC_WARN_64_TO_32_BIT_CONVERSION = YES;
				GCC_WARN_ABOUT_RETURN_TYPE = YES_ERROR;
				GCC_WARN_UNDECLARED_SELECTOR = YES;
				GCC_WARN_UNINITIALIZED_AUTOS = YES_AGGRESSIVE;
				GCC_WARN_UNUSED_FUNCTION = YES;
				GCC_WARN_UNUSED_VARIABLE = YES;
				HEADER_SEARCH_PATHS = /usr/local/include;
				LIBRARY_SEARCH_PATHS = /usr/local/lib;
				MACOSX_DEPLOYMENT_TARGET = 10.11;
				MTL_ENABLE_DEBUG_INFO = NO;
				SDKROOT = macosx;
			};
			name = Release;
		};
		148ABFB51D9E438500A6772C /* Debug */ = {
			isa = XCBuildConfiguration;
			buildSettings = {
				PRODUCT_NAME = "$(TARGET_NAME)";
			};
			name = Debug;
		};
		148ABFB61D9E438500A6772C /* Release */ = {
			isa = XCBuildConfiguration;
			buildSettings = {
				PRODUCT_NAME = "$(TARGET_NAME)";
			};
			name = Release;
		};
/* End XCBuildConfiguration section */

/* Begin XCConfigurationList section */
		148ABFA81D9E438500A6772C /* Build configuration list for PBXProject "myOpenCV" */ = {
			isa = XCConfigurationList;
			buildConfigurations = (
				148ABFB21D9E438500A6772C /* Debug */,
				148ABFB31D9E438500A6772C /* Release */,
			);
			defaultConfigurationIsVisible = 0;
			defaultConfigurationName = Release;
		};
		148ABFB41D9E438500A6772C /* Build configuration list for PBXNativeTarget "myOpenCV" */ = {
			isa = XCConfigurationList;
			buildConfigurations = (
				148ABFB51D9E438500A6772C /* Debug */,
				148ABFB61D9E438500A6772C /* Release */,
			);
			defaultConfigurationIsVisible = 0;
			defaultConfigurationName = Release;
		};
/* End XCConfigurationList section */
	};
	rootObject = 148ABFA51D9E438500A6772C /* Project object */;
}
